{
    "version": 3,
    "terraform_version": "0.11.10",
    "serial": 7,
    "lineage": "0dd7d0a9-ef63-18ad-7873-1873211b40a3",
    "modules": [
        {
            "path": [
                "root"
            ],
            "outputs": {
                "Password": {
                    "sensitive": false,
                    "type": "list",
                    "value": [
                        "Passw0rd"
                    ]
                }
            },
            "resources": {
                "data.oci_identity_availability_domains.ADs": {
                    "type": "oci_identity_availability_domains",
                    "depends_on": [],
                    "primary": {
                        "id": "2018-12-08 22:59:53.0394242 +0000 UTC",
                        "attributes": {
                            "availability_domains.#": "3",
                            "availability_domains.0.compartment_id": "ocid1.tenancy.oc1..aaaaaaaazwd7gjoxwqagc6uos3mak37qqfsr2i547jbm33a4r6jafhddwsgq",
                            "availability_domains.0.name": "iarG:US-ASHBURN-AD-1",
                            "availability_domains.1.compartment_id": "ocid1.tenancy.oc1..aaaaaaaazwd7gjoxwqagc6uos3mak37qqfsr2i547jbm33a4r6jafhddwsgq",
                            "availability_domains.1.name": "iarG:US-ASHBURN-AD-2",
                            "availability_domains.2.compartment_id": "ocid1.tenancy.oc1..aaaaaaaazwd7gjoxwqagc6uos3mak37qqfsr2i547jbm33a4r6jafhddwsgq",
                            "availability_domains.2.name": "iarG:US-ASHBURN-AD-3",
                            "compartment_id": "ocid1.tenancy.oc1..aaaaaaaazwd7gjoxwqagc6uos3mak37qqfsr2i547jbm33a4r6jafhddwsgq",
                            "id": "2018-12-08 22:59:53.0394242 +0000 UTC"
                        },
                        "meta": {},
                        "tainted": false
                    },
                    "deposed": [],
                    "provider": "provider.oci"
                },
                "data.template_cloudinit_config.cloudinit_config": {
                    "type": "template_cloudinit_config",
                    "depends_on": [
                        "data.template_file.cloudinit_ps1"
                    ],
                    "primary": {
                        "id": "3901809352",
                        "attributes": {
                            "base64_encode": "true",
                            "gzip": "false",
                            "id": "3901809352",
                            "part.#": "2",
                            "part.0.content": "#ps1_sysnative\r\n\r\n# Template variables\r\n$user='opc'\r\n$password='Passw0rd'\r\n$computerName='SV-SRVAD01'\r\n\r\nWrite-Output \"Changing $user password\"\r\nnet user $user $password\r\nWrite-Output \"Changed $user password\"\r\n\r\nWrite-Output \"Configuring WinRM\"\r\n# Allow unencrypted if you wish to use http 5985 endpoint\r\nwinrm set winrm/config/service '@{AllowUnencrypted=\"true\"}'\r\n\r\n# Create a self-signed certificate to configure WinRM for HTTPS\r\n$cert = New-SelfSignedCertificate -CertStoreLocation 'Cert:\\LocalMachine\\My' -DnsName $computerName\r\nWrite-Output \"Self-signed SSL certificate generated with details: $cert\"\r\n\r\n$valueSet = @{\r\n    Hostname = $computerName\r\n    CertificateThumbprint = $cert.Thumbprint\r\n}\r\n\r\n$selectorSet = @{\r\n    Transport = \"HTTPS\"\r\n    Address = \"*\"\r\n}\r\n\r\n# Remove any prior HTTPS listener\r\n$listeners = Get-ChildItem WSMan:\\localhost\\Listener\r\nIf (!($listeners | Where {$_.Keys -like \"TRANSPORT=HTTPS\"}))\r\n{\r\n    Remove-WSManInstance -ResourceURI 'winrm/config/Listener' -SelectorSet $selectorSet\r\n}\r\n\r\nWrite-Output \"Enabling HTTPS listener\"\r\nNew-WSManInstance -ResourceURI 'winrm/config/Listener' -SelectorSet $selectorSet -ValueSet $valueSet\r\nWrite-Output \"Enabled HTTPS listener\"\r\n\r\nWrite-Output \"Configured WinRM\"\r\n",
                            "part.0.content_type": "text/x-shellscript",
                            "part.0.filename": "cloudinit.ps1",
                            "part.0.merge_type": "",
                            "part.1.content": "#cloud-config\r\nwrite_files:\r\n - path:     C:/init.ps1\r\n   content:  |\r\n     echo \"add your custom commands and scripts here\"\r\n\r\n# Depending on the image that is being used runcmd plugin may not be supported, you may use ps1_sysnative config instead\r\n# Windows-Server-2012-R2-Standard-Edition-VM-2018.07.19-0 - cloudbaseinit.plugins.common.userdataplugins.cloudconfig [-] Plugin 'runcmd' is currently not supported\r\nruncmd:\r\n - echo \"Hello from Terraform\"\r\n - powershell.exe \"C:/init.ps1\"\r\n\r\n# Depending on the image that is being used script plugin may not be supported, you may use ps1_sysnative config instead\r\n# Windows-Server-2012-R2-Standard-Edition-VM-2018.07.19-0 - cloudbaseinit.plugins.common.userdataplugins.cloudconfig [-] Plugin 'script' is currently not supported\r\nscript:      |\r\n  \u003cpowershell\u003e\r\n  winrm set winrm/config/client/auth '@{Basic=\"true\"}'\r\n  winrm set winrm/config/service/auth '@{Basic=\"true\"}'\r\n  winrm set winrm/config/service '@{AllowUnencrypted=\"true\"}'\r\n  winrm set winrm/config/winrs '@{MaxMemoryPerShellMB=\"300\"}'\r\n  winrm set winrm/config '@{MaxTimeoutms=\"1800000\"}'\r\n  $file = Join-Path -Path $env:SystemRoot -ChildPath (Get-Date).ToString(\"MM-dd-yy-hh-mm\")\r\n  New-Item $file -ItemType file -Value \"Hello from Terraform\"\r\n  \u003c/powershell\u003e\r\n",
                            "part.1.content_type": "text/cloud-config",
                            "part.1.filename": "cloudinit.yml",
                            "part.1.merge_type": "",
                            "rendered": "Q29udGVudC1UeXBlOiBtdWx0aXBhcnQvbWl4ZWQ7IGJvdW5kYXJ5PSJNSU1FQk9VTkRBUlkiCk1JTUUtVmVyc2lvbjogMS4wDQoNCi0tTUlNRUJPVU5EQVJZDQpDb250ZW50LURpc3Bvc2l0aW9uOiBhdHRhY2htZW50OyBmaWxlbmFtZT0iY2xvdWRpbml0LnBzMSINCkNvbnRlbnQtVHJhbnNmZXItRW5jb2Rpbmc6IDdiaXQNCkNvbnRlbnQtVHlwZTogdGV4dC94LXNoZWxsc2NyaXB0DQpNaW1lLVZlcnNpb246IDEuMA0KDQojcHMxX3N5c25hdGl2ZQ0KDQojIFRlbXBsYXRlIHZhcmlhYmxlcw0KJHVzZXI9J29wYycNCiRwYXNzd29yZD0nUGFzc3cwcmQnDQokY29tcHV0ZXJOYW1lPSdTVi1TUlZBRDAxJw0KDQpXcml0ZS1PdXRwdXQgIkNoYW5naW5nICR1c2VyIHBhc3N3b3JkIg0KbmV0IHVzZXIgJHVzZXIgJHBhc3N3b3JkDQpXcml0ZS1PdXRwdXQgIkNoYW5nZWQgJHVzZXIgcGFzc3dvcmQiDQoNCldyaXRlLU91dHB1dCAiQ29uZmlndXJpbmcgV2luUk0iDQojIEFsbG93IHVuZW5jcnlwdGVkIGlmIHlvdSB3aXNoIHRvIHVzZSBodHRwIDU5ODUgZW5kcG9pbnQNCndpbnJtIHNldCB3aW5ybS9jb25maWcvc2VydmljZSAnQHtBbGxvd1VuZW5jcnlwdGVkPSJ0cnVlIn0nDQoNCiMgQ3JlYXRlIGEgc2VsZi1zaWduZWQgY2VydGlmaWNhdGUgdG8gY29uZmlndXJlIFdpblJNIGZvciBIVFRQUw0KJGNlcnQgPSBOZXctU2VsZlNpZ25lZENlcnRpZmljYXRlIC1DZXJ0U3RvcmVMb2NhdGlvbiAnQ2VydDpcTG9jYWxNYWNoaW5lXE15JyAtRG5zTmFtZSAkY29tcHV0ZXJOYW1lDQpXcml0ZS1PdXRwdXQgIlNlbGYtc2lnbmVkIFNTTCBjZXJ0aWZpY2F0ZSBnZW5lcmF0ZWQgd2l0aCBkZXRhaWxzOiAkY2VydCINCg0KJHZhbHVlU2V0ID0gQHsNCiAgICBIb3N0bmFtZSA9ICRjb21wdXRlck5hbWUNCiAgICBDZXJ0aWZpY2F0ZVRodW1icHJpbnQgPSAkY2VydC5UaHVtYnByaW50DQp9DQoNCiRzZWxlY3RvclNldCA9IEB7DQogICAgVHJhbnNwb3J0ID0gIkhUVFBTIg0KICAgIEFkZHJlc3MgPSAiKiINCn0NCg0KIyBSZW1vdmUgYW55IHByaW9yIEhUVFBTIGxpc3RlbmVyDQokbGlzdGVuZXJzID0gR2V0LUNoaWxkSXRlbSBXU01hbjpcbG9jYWxob3N0XExpc3RlbmVyDQpJZiAoISgkbGlzdGVuZXJzIHwgV2hlcmUgeyRfLktleXMgLWxpa2UgIlRSQU5TUE9SVD1IVFRQUyJ9KSkNCnsNCiAgICBSZW1vdmUtV1NNYW5JbnN0YW5jZSAtUmVzb3VyY2VVUkkgJ3dpbnJtL2NvbmZpZy9MaXN0ZW5lcicgLVNlbGVjdG9yU2V0ICRzZWxlY3RvclNldA0KfQ0KDQpXcml0ZS1PdXRwdXQgIkVuYWJsaW5nIEhUVFBTIGxpc3RlbmVyIg0KTmV3LVdTTWFuSW5zdGFuY2UgLVJlc291cmNlVVJJICd3aW5ybS9jb25maWcvTGlzdGVuZXInIC1TZWxlY3RvclNldCAkc2VsZWN0b3JTZXQgLVZhbHVlU2V0ICR2YWx1ZVNldA0KV3JpdGUtT3V0cHV0ICJFbmFibGVkIEhUVFBTIGxpc3RlbmVyIg0KDQpXcml0ZS1PdXRwdXQgIkNvbmZpZ3VyZWQgV2luUk0iDQoNCi0tTUlNRUJPVU5EQVJZDQpDb250ZW50LURpc3Bvc2l0aW9uOiBhdHRhY2htZW50OyBmaWxlbmFtZT0iY2xvdWRpbml0LnltbCINCkNvbnRlbnQtVHJhbnNmZXItRW5jb2Rpbmc6IDdiaXQNCkNvbnRlbnQtVHlwZTogdGV4dC9jbG91ZC1jb25maWcNCk1pbWUtVmVyc2lvbjogMS4wDQoNCiNjbG91ZC1jb25maWcNCndyaXRlX2ZpbGVzOg0KIC0gcGF0aDogICAgIEM6L2luaXQucHMxDQogICBjb250ZW50OiAgfA0KICAgICBlY2hvICJhZGQgeW91ciBjdXN0b20gY29tbWFuZHMgYW5kIHNjcmlwdHMgaGVyZSINCg0KIyBEZXBlbmRpbmcgb24gdGhlIGltYWdlIHRoYXQgaXMgYmVpbmcgdXNlZCBydW5jbWQgcGx1Z2luIG1heSBub3QgYmUgc3VwcG9ydGVkLCB5b3UgbWF5IHVzZSBwczFfc3lzbmF0aXZlIGNvbmZpZyBpbnN0ZWFkDQojIFdpbmRvd3MtU2VydmVyLTIwMTItUjItU3RhbmRhcmQtRWRpdGlvbi1WTS0yMDE4LjA3LjE5LTAgLSBjbG91ZGJhc2Vpbml0LnBsdWdpbnMuY29tbW9uLnVzZXJkYXRhcGx1Z2lucy5jbG91ZGNvbmZpZyBbLV0gUGx1Z2luICdydW5jbWQnIGlzIGN1cnJlbnRseSBub3Qgc3VwcG9ydGVkDQpydW5jbWQ6DQogLSBlY2hvICJIZWxsbyBmcm9tIFRlcnJhZm9ybSINCiAtIHBvd2Vyc2hlbGwuZXhlICJDOi9pbml0LnBzMSINCg0KIyBEZXBlbmRpbmcgb24gdGhlIGltYWdlIHRoYXQgaXMgYmVpbmcgdXNlZCBzY3JpcHQgcGx1Z2luIG1heSBub3QgYmUgc3VwcG9ydGVkLCB5b3UgbWF5IHVzZSBwczFfc3lzbmF0aXZlIGNvbmZpZyBpbnN0ZWFkDQojIFdpbmRvd3MtU2VydmVyLTIwMTItUjItU3RhbmRhcmQtRWRpdGlvbi1WTS0yMDE4LjA3LjE5LTAgLSBjbG91ZGJhc2Vpbml0LnBsdWdpbnMuY29tbW9uLnVzZXJkYXRhcGx1Z2lucy5jbG91ZGNvbmZpZyBbLV0gUGx1Z2luICdzY3JpcHQnIGlzIGN1cnJlbnRseSBub3Qgc3VwcG9ydGVkDQpzY3JpcHQ6ICAgICAgfA0KICA8cG93ZXJzaGVsbD4NCiAgd2lucm0gc2V0IHdpbnJtL2NvbmZpZy9jbGllbnQvYXV0aCAnQHtCYXNpYz0idHJ1ZSJ9Jw0KICB3aW5ybSBzZXQgd2lucm0vY29uZmlnL3NlcnZpY2UvYXV0aCAnQHtCYXNpYz0idHJ1ZSJ9Jw0KICB3aW5ybSBzZXQgd2lucm0vY29uZmlnL3NlcnZpY2UgJ0B7QWxsb3dVbmVuY3J5cHRlZD0idHJ1ZSJ9Jw0KICB3aW5ybSBzZXQgd2lucm0vY29uZmlnL3dpbnJzICdAe01heE1lbW9yeVBlclNoZWxsTUI9IjMwMCJ9Jw0KICB3aW5ybSBzZXQgd2lucm0vY29uZmlnICdAe01heFRpbWVvdXRtcz0iMTgwMDAwMCJ9Jw0KICAkZmlsZSA9IEpvaW4tUGF0aCAtUGF0aCAkZW52OlN5c3RlbVJvb3QgLUNoaWxkUGF0aCAoR2V0LURhdGUpLlRvU3RyaW5nKCJNTS1kZC15eS1oaC1tbSIpDQogIE5ldy1JdGVtICRmaWxlIC1JdGVtVHlwZSBmaWxlIC1WYWx1ZSAiSGVsbG8gZnJvbSBUZXJyYWZvcm0iDQogIDwvcG93ZXJzaGVsbD4NCg0KLS1NSU1FQk9VTkRBUlktLQ0K"
                        },
                        "meta": {},
                        "tainted": false
                    },
                    "deposed": [],
                    "provider": "provider.template"
                },
                "data.template_file.cloudinit_ps1": {
                    "type": "template_file",
                    "depends_on": [],
                    "primary": {
                        "id": "86547800aadf85e9f9e4002e1a9f878c27c7c03499d640d424ac6d36513bf411",
                        "attributes": {
                            "id": "86547800aadf85e9f9e4002e1a9f878c27c7c03499d640d424ac6d36513bf411",
                            "rendered": "#ps1_sysnative\r\n\r\n# Template variables\r\n$user='opc'\r\n$password='Passw0rd'\r\n$computerName='SV-SRVAD01'\r\n\r\nWrite-Output \"Changing $user password\"\r\nnet user $user $password\r\nWrite-Output \"Changed $user password\"\r\n\r\nWrite-Output \"Configuring WinRM\"\r\n# Allow unencrypted if you wish to use http 5985 endpoint\r\nwinrm set winrm/config/service '@{AllowUnencrypted=\"true\"}'\r\n\r\n# Create a self-signed certificate to configure WinRM for HTTPS\r\n$cert = New-SelfSignedCertificate -CertStoreLocation 'Cert:\\LocalMachine\\My' -DnsName $computerName\r\nWrite-Output \"Self-signed SSL certificate generated with details: $cert\"\r\n\r\n$valueSet = @{\r\n    Hostname = $computerName\r\n    CertificateThumbprint = $cert.Thumbprint\r\n}\r\n\r\n$selectorSet = @{\r\n    Transport = \"HTTPS\"\r\n    Address = \"*\"\r\n}\r\n\r\n# Remove any prior HTTPS listener\r\n$listeners = Get-ChildItem WSMan:\\localhost\\Listener\r\nIf (!($listeners | Where {$_.Keys -like \"TRANSPORT=HTTPS\"}))\r\n{\r\n    Remove-WSManInstance -ResourceURI 'winrm/config/Listener' -SelectorSet $selectorSet\r\n}\r\n\r\nWrite-Output \"Enabling HTTPS listener\"\r\nNew-WSManInstance -ResourceURI 'winrm/config/Listener' -SelectorSet $selectorSet -ValueSet $valueSet\r\nWrite-Output \"Enabled HTTPS listener\"\r\n\r\nWrite-Output \"Configured WinRM\"\r\n",
                            "template": "#ps1_sysnative\r\n\r\n# Template variables\r\n$user='${instance_user}'\r\n$password='${instance_password}'\r\n$computerName='${instance_name}'\r\n\r\nWrite-Output \"Changing $user password\"\r\nnet user $user $password\r\nWrite-Output \"Changed $user password\"\r\n\r\nWrite-Output \"Configuring WinRM\"\r\n# Allow unencrypted if you wish to use http 5985 endpoint\r\nwinrm set winrm/config/service '@{AllowUnencrypted=\"true\"}'\r\n\r\n# Create a self-signed certificate to configure WinRM for HTTPS\r\n$cert = New-SelfSignedCertificate -CertStoreLocation 'Cert:\\LocalMachine\\My' -DnsName $computerName\r\nWrite-Output \"Self-signed SSL certificate generated with details: $cert\"\r\n\r\n$valueSet = @{\r\n    Hostname = $computerName\r\n    CertificateThumbprint = $cert.Thumbprint\r\n}\r\n\r\n$selectorSet = @{\r\n    Transport = \"HTTPS\"\r\n    Address = \"*\"\r\n}\r\n\r\n# Remove any prior HTTPS listener\r\n$listeners = Get-ChildItem WSMan:\\localhost\\Listener\r\nIf (!($listeners | Where {$_.Keys -like \"TRANSPORT=HTTPS\"}))\r\n{\r\n    Remove-WSManInstance -ResourceURI 'winrm/config/Listener' -SelectorSet $selectorSet\r\n}\r\n\r\nWrite-Output \"Enabling HTTPS listener\"\r\nNew-WSManInstance -ResourceURI 'winrm/config/Listener' -SelectorSet $selectorSet -ValueSet $valueSet\r\nWrite-Output \"Enabled HTTPS listener\"\r\n\r\nWrite-Output \"Configured WinRM\"\r\n",
                            "vars.%": "3",
                            "vars.instance_name": "SV-SRVAD01",
                            "vars.instance_password": "Passw0rd",
                            "vars.instance_user": "opc"
                        },
                        "meta": {},
                        "tainted": false
                    },
                    "deposed": [],
                    "provider": "provider.template"
                },
                "oci_core_instance.Linux-JENKINS": {
                    "type": "oci_core_instance",
                    "depends_on": [
                        "data.oci_identity_availability_domains.ADs",
                        "oci_core_subnet.ExampleSubnet"
                    ],
                    "primary": {
                        "id": "ocid1.instance.oc1.iad.abuwcljt2ieumspatcr5u5qizbjtqktierq7zbk6gwrbqgst5eeq4ganbtha",
                        "attributes": {
                            "availability_domain": "iarG:US-ASHBURN-AD-1",
                            "boot_volume_id": "ocid1.bootvolume.oc1.iad.abuwcljtjnl56celdilrv67d6jcsiemwnzsxookzfynpoidt5rkw2cpk7qua",
                            "compartment_id": "ocid1.compartment.oc1..aaaaaaaaunxv32uu2kijiwvm6nhjuzssdiyg5hd5cakcsmusrlhk4ooxzw4a",
                            "create_vnic_details.#": "1",
                            "create_vnic_details.0.assign_public_ip": "true",
                            "create_vnic_details.0.defined_tags.%": "0",
                            "create_vnic_details.0.display_name": "primaryvnic",
                            "create_vnic_details.0.freeform_tags.%": "0",
                            "create_vnic_details.0.hostname_label": "tfexampleinstance",
                            "create_vnic_details.0.private_ip": "10.1.20.2",
                            "create_vnic_details.0.skip_source_dest_check": "false",
                            "create_vnic_details.0.subnet_id": "ocid1.subnet.oc1.iad.aaaaaaaalctme6fx6r6a5jr2jkyf5ybgkvjqwxzkfdfonaxsh427ak4l45ya",
                            "defined_tags.%": "0",
                            "display_name": "Linux-JENKINS",
                            "fault_domain": "FAULT-DOMAIN-1",
                            "freeform_tags.%": "0",
                            "hostname_label": "tfexampleinstance",
                            "id": "ocid1.instance.oc1.iad.abuwcljt2ieumspatcr5u5qizbjtqktierq7zbk6gwrbqgst5eeq4ganbtha",
                            "image": "ocid1.image.oc1.iad.aaaaaaaa2mnepqp7wn3ej2axm2nkoxwwcdwf7uc246tcltg4li67z6mktdiq",
                            "launch_mode": "NATIVE",
                            "launch_options.#": "1",
                            "launch_options.0.boot_volume_type": "ISCSI",
                            "launch_options.0.firmware": "UEFI_64",
                            "launch_options.0.network_type": "VFIO",
                            "launch_options.0.remote_data_volume_type": "PARAVIRTUALIZED",
                            "metadata.%": "1",
                            "metadata.ssh_authorized_keys": "ssh-rsa AAAAB3NzaC1yc2EAAAADAQABAAABAQC9/UO+yHvTG8oZ8d3ytQGbfFG8RjX+ijGQzk6GyJ0sCGZuOnKF7gTsEYI3M7+dfWSVm9pIn8rfbsA9gPlRVkCPyi91Bsqfu8DVkrMp60EBmlfIzI2YTDpxizwH5oCSefWuTQRGu+AMNiKJj/aVI5Txrr1j3xJRpdBJmRJ/UiJQcvdnoNTUFqFEn5fEe4l3bnDEtg7K3L4PbBf6brtDxGuQCQahGkKh9BiINKB3Lf4ftBbJkqyDluG/8FnTeWTSyykymM2RJBBCUXrkjBLVFW6yn6GIeHGpsCWNOhKvtTFE3bi01VBEHyLA2koA0adw9wVdOIierKSIoCaP/jMOkbYx svillama@ASISVILLAMA-NBK",
                            "private_ip": "10.1.20.2",
                            "public_ip": "132.145.161.244",
                            "region": "iad",
                            "shape": "VM.Standard2.1",
                            "source_details.#": "1",
                            "source_details.0.boot_volume_size_in_gbs": "64",
                            "source_details.0.kms_key_id": "",
                            "source_details.0.source_id": "ocid1.image.oc1.iad.aaaaaaaa2mnepqp7wn3ej2axm2nkoxwwcdwf7uc246tcltg4li67z6mktdiq",
                            "source_details.0.source_type": "image",
                            "state": "RUNNING",
                            "subnet_id": "ocid1.subnet.oc1.iad.aaaaaaaalctme6fx6r6a5jr2jkyf5ybgkvjqwxzkfdfonaxsh427ak4l45ya",
                            "time_created": "2018-12-08 22:54:16.05 +0000 UTC",
                            "time_maintenance_reboot_due": ""
                        },
                        "meta": {
                            "e2bfb730-ecaa-11e6-8f88-34363bc7c4c0": {
                                "create": 3600000000000,
                                "delete": 7200000000000,
                                "update": 7200000000000
                            }
                        },
                        "tainted": false
                    },
                    "deposed": [],
                    "provider": "provider.oci"
                },
                "oci_core_internet_gateway.ExampleInternetGateway": {
                    "type": "oci_core_internet_gateway",
                    "depends_on": [
                        "oci_core_virtual_network.ExampleVCN"
                    ],
                    "primary": {
                        "id": "ocid1.internetgateway.oc1.iad.aaaaaaaaphjfho7rbhhoyvlvbkdypwl7wyvhfslbq3r6tikglfacrbdvuf3q",
                        "attributes": {
                            "compartment_id": "ocid1.compartment.oc1..aaaaaaaaunxv32uu2kijiwvm6nhjuzssdiyg5hd5cakcsmusrlhk4ooxzw4a",
                            "defined_tags.%": "0",
                            "display_name": "TFExampleInternetGateway",
                            "enabled": "true",
                            "freeform_tags.%": "0",
                            "id": "ocid1.internetgateway.oc1.iad.aaaaaaaaphjfho7rbhhoyvlvbkdypwl7wyvhfslbq3r6tikglfacrbdvuf3q",
                            "state": "AVAILABLE",
                            "time_created": "2018-12-08 22:54:11.662 +0000 UTC",
                            "vcn_id": "ocid1.vcn.oc1.iad.aaaaaaaahzs7oevqfl4pzq3gz32ugidjnvwhaj2soefchtrgayn4jh6a6qyq"
                        },
                        "meta": {
                            "e2bfb730-ecaa-11e6-8f88-34363bc7c4c0": {
                                "create": 900000000000,
                                "delete": 900000000000,
                                "update": 900000000000
                            }
                        },
                        "tainted": false
                    },
                    "deposed": [],
                    "provider": "provider.oci"
                },
                "oci_core_route_table.ExampleRouteTable": {
                    "type": "oci_core_route_table",
                    "depends_on": [
                        "oci_core_internet_gateway.ExampleInternetGateway",
                        "oci_core_virtual_network.ExampleVCN"
                    ],
                    "primary": {
                        "id": "ocid1.routetable.oc1.iad.aaaaaaaa6mjcnfa7rxlpkaberrrzgdh4ojfl6ffg2ba2k2bxe36hzg2kppla",
                        "attributes": {
                            "compartment_id": "ocid1.compartment.oc1..aaaaaaaaunxv32uu2kijiwvm6nhjuzssdiyg5hd5cakcsmusrlhk4ooxzw4a",
                            "defined_tags.%": "0",
                            "display_name": "TFExampleRouteTable",
                            "freeform_tags.%": "0",
                            "id": "ocid1.routetable.oc1.iad.aaaaaaaa6mjcnfa7rxlpkaberrrzgdh4ojfl6ffg2ba2k2bxe36hzg2kppla",
                            "route_rules.#": "1",
                            "route_rules.1375631285.cidr_block": "0.0.0.0/0",
                            "route_rules.1375631285.destination": "0.0.0.0/0",
                            "route_rules.1375631285.destination_type": "CIDR_BLOCK",
                            "route_rules.1375631285.network_entity_id": "ocid1.internetgateway.oc1.iad.aaaaaaaaphjfho7rbhhoyvlvbkdypwl7wyvhfslbq3r6tikglfacrbdvuf3q",
                            "state": "AVAILABLE",
                            "time_created": "2018-12-08 22:54:12.999 +0000 UTC",
                            "vcn_id": "ocid1.vcn.oc1.iad.aaaaaaaahzs7oevqfl4pzq3gz32ugidjnvwhaj2soefchtrgayn4jh6a6qyq"
                        },
                        "meta": {
                            "e2bfb730-ecaa-11e6-8f88-34363bc7c4c0": {
                                "create": 900000000000,
                                "delete": 900000000000,
                                "update": 900000000000
                            }
                        },
                        "tainted": false
                    },
                    "deposed": [],
                    "provider": "provider.oci"
                },
                "oci_core_security_list.ExampleSecurityList": {
                    "type": "oci_core_security_list",
                    "depends_on": [
                        "oci_core_virtual_network.ExampleVCN"
                    ],
                    "primary": {
                        "id": "ocid1.securitylist.oc1.iad.aaaaaaaaamsi2jqixkqwxjahw7oekwub4aecdhtwtlmzbgfl7qpvrytd4i2a",
                        "attributes": {
                            "compartment_id": "ocid1.compartment.oc1..aaaaaaaaunxv32uu2kijiwvm6nhjuzssdiyg5hd5cakcsmusrlhk4ooxzw4a",
                            "defined_tags.%": "0",
                            "display_name": "TFExampleSecurityList",
                            "egress_security_rules.#": "1",
                            "egress_security_rules.1582479153.destination": "0.0.0.0/0",
                            "egress_security_rules.1582479153.destination_type": "CIDR_BLOCK",
                            "egress_security_rules.1582479153.icmp_options.#": "0",
                            "egress_security_rules.1582479153.protocol": "all",
                            "egress_security_rules.1582479153.stateless": "false",
                            "egress_security_rules.1582479153.tcp_options.#": "0",
                            "egress_security_rules.1582479153.udp_options.#": "0",
                            "freeform_tags.%": "0",
                            "id": "ocid1.securitylist.oc1.iad.aaaaaaaaamsi2jqixkqwxjahw7oekwub4aecdhtwtlmzbgfl7qpvrytd4i2a",
                            "ingress_security_rules.#": "2",
                            "ingress_security_rules.1233727496.icmp_options.#": "0",
                            "ingress_security_rules.1233727496.protocol": "6",
                            "ingress_security_rules.1233727496.source": "0.0.0.0/0",
                            "ingress_security_rules.1233727496.source_type": "CIDR_BLOCK",
                            "ingress_security_rules.1233727496.stateless": "false",
                            "ingress_security_rules.1233727496.tcp_options.#": "1",
                            "ingress_security_rules.1233727496.tcp_options.0.max": "3389",
                            "ingress_security_rules.1233727496.tcp_options.0.min": "3389",
                            "ingress_security_rules.1233727496.tcp_options.0.source_port_range.#": "0",
                            "ingress_security_rules.1233727496.udp_options.#": "0",
                            "ingress_security_rules.1807343856.icmp_options.#": "0",
                            "ingress_security_rules.1807343856.protocol": "6",
                            "ingress_security_rules.1807343856.source": "0.0.0.0/0",
                            "ingress_security_rules.1807343856.source_type": "CIDR_BLOCK",
                            "ingress_security_rules.1807343856.stateless": "false",
                            "ingress_security_rules.1807343856.tcp_options.#": "1",
                            "ingress_security_rules.1807343856.tcp_options.0.max": "5986",
                            "ingress_security_rules.1807343856.tcp_options.0.min": "5985",
                            "ingress_security_rules.1807343856.tcp_options.0.source_port_range.#": "0",
                            "ingress_security_rules.1807343856.udp_options.#": "0",
                            "state": "AVAILABLE",
                            "time_created": "2018-12-08 22:54:11.681 +0000 UTC",
                            "vcn_id": "ocid1.vcn.oc1.iad.aaaaaaaahzs7oevqfl4pzq3gz32ugidjnvwhaj2soefchtrgayn4jh6a6qyq"
                        },
                        "meta": {
                            "e2bfb730-ecaa-11e6-8f88-34363bc7c4c0": {
                                "create": 900000000000,
                                "delete": 900000000000,
                                "update": 900000000000
                            }
                        },
                        "tainted": false
                    },
                    "deposed": [],
                    "provider": "provider.oci"
                },
                "oci_core_subnet.ExampleSubnet": {
                    "type": "oci_core_subnet",
                    "depends_on": [
                        "data.oci_identity_availability_domains.ADs",
                        "oci_core_route_table.ExampleRouteTable",
                        "oci_core_security_list.ExampleSecurityList",
                        "oci_core_virtual_network.ExampleVCN"
                    ],
                    "primary": {
                        "id": "ocid1.subnet.oc1.iad.aaaaaaaalctme6fx6r6a5jr2jkyf5ybgkvjqwxzkfdfonaxsh427ak4l45ya",
                        "attributes": {
                            "availability_domain": "iarG:US-ASHBURN-AD-1",
                            "cidr_block": "10.1.20.0/24",
                            "compartment_id": "ocid1.compartment.oc1..aaaaaaaaunxv32uu2kijiwvm6nhjuzssdiyg5hd5cakcsmusrlhk4ooxzw4a",
                            "defined_tags.%": "0",
                            "dhcp_options_id": "ocid1.dhcpoptions.oc1.iad.aaaaaaaa5vlxuvcxqrgqx2aoyvgf3syz3qdkdnjm3bztsosypv6ovctbxaba",
                            "display_name": "TFExampleSubnet",
                            "dns_label": "tfexamplesubnet",
                            "freeform_tags.%": "0",
                            "id": "ocid1.subnet.oc1.iad.aaaaaaaalctme6fx6r6a5jr2jkyf5ybgkvjqwxzkfdfonaxsh427ak4l45ya",
                            "prohibit_public_ip_on_vnic": "false",
                            "route_table_id": "ocid1.routetable.oc1.iad.aaaaaaaa6mjcnfa7rxlpkaberrrzgdh4ojfl6ffg2ba2k2bxe36hzg2kppla",
                            "security_list_ids.#": "1",
                            "security_list_ids.3854942174": "ocid1.securitylist.oc1.iad.aaaaaaaaamsi2jqixkqwxjahw7oekwub4aecdhtwtlmzbgfl7qpvrytd4i2a",
                            "state": "AVAILABLE",
                            "subnet_domain_name": "tfexamplesubnet.tfexamplevcn.oraclevcn.com",
                            "time_created": "2018-12-08 22:54:14.203 +0000 UTC",
                            "vcn_id": "ocid1.vcn.oc1.iad.aaaaaaaahzs7oevqfl4pzq3gz32ugidjnvwhaj2soefchtrgayn4jh6a6qyq",
                            "virtual_router_ip": "10.1.20.1",
                            "virtual_router_mac": "00:00:17:24:0F:44"
                        },
                        "meta": {
                            "e2bfb730-ecaa-11e6-8f88-34363bc7c4c0": {
                                "create": 900000000000,
                                "delete": 900000000000,
                                "update": 900000000000
                            }
                        },
                        "tainted": false
                    },
                    "deposed": [],
                    "provider": "provider.oci"
                },
                "oci_core_virtual_network.ExampleVCN": {
                    "type": "oci_core_virtual_network",
                    "depends_on": [],
                    "primary": {
                        "id": "ocid1.vcn.oc1.iad.aaaaaaaahzs7oevqfl4pzq3gz32ugidjnvwhaj2soefchtrgayn4jh6a6qyq",
                        "attributes": {
                            "cidr_block": "10.1.0.0/16",
                            "compartment_id": "ocid1.compartment.oc1..aaaaaaaaunxv32uu2kijiwvm6nhjuzssdiyg5hd5cakcsmusrlhk4ooxzw4a",
                            "default_dhcp_options_id": "ocid1.dhcpoptions.oc1.iad.aaaaaaaa5vlxuvcxqrgqx2aoyvgf3syz3qdkdnjm3bztsosypv6ovctbxaba",
                            "default_route_table_id": "ocid1.routetable.oc1.iad.aaaaaaaadgwq5wtatab6kc7pj2337v5edqjrfugrpxupluhcoxuw4yhv6upa",
                            "default_security_list_id": "ocid1.securitylist.oc1.iad.aaaaaaaa7qnsfgrjyrkwl67t6zgffnxouq42bjqmxy4kk65pnjaggnljd3bq",
                            "defined_tags.%": "0",
                            "display_name": "TFExampleVCN",
                            "dns_label": "tfexamplevcn",
                            "freeform_tags.%": "0",
                            "id": "ocid1.vcn.oc1.iad.aaaaaaaahzs7oevqfl4pzq3gz32ugidjnvwhaj2soefchtrgayn4jh6a6qyq",
                            "state": "AVAILABLE",
                            "time_created": "2018-12-08 22:54:10.797 +0000 UTC",
                            "vcn_domain_name": "tfexamplevcn.oraclevcn.com"
                        },
                        "meta": {
                            "e2bfb730-ecaa-11e6-8f88-34363bc7c4c0": {
                                "create": 900000000000,
                                "delete": 900000000000,
                                "update": 900000000000
                            }
                        },
                        "tainted": false
                    },
                    "deposed": [],
                    "provider": "provider.oci"
                },
                "oci_core_volume.TFVolume": {
                    "type": "oci_core_volume",
                    "depends_on": [
                        "data.oci_identity_availability_domains.ADs"
                    ],
                    "primary": {
                        "id": "ocid1.volume.oc1.iad.abuwcljtltu6f7uvrzvfjudgiqk75fokz4euagy5dpiaqcsznbkkyawy47iq",
                        "attributes": {
                            "availability_domain": "iarG:US-ASHBURN-AD-1",
                            "compartment_id": "ocid1.compartment.oc1..aaaaaaaaunxv32uu2kijiwvm6nhjuzssdiyg5hd5cakcsmusrlhk4ooxzw4a",
                            "defined_tags.%": "0",
                            "display_name": "tfvolume",
                            "freeform_tags.%": "0",
                            "id": "ocid1.volume.oc1.iad.abuwcljtltu6f7uvrzvfjudgiqk75fokz4euagy5dpiaqcsznbkkyawy47iq",
                            "is_hydrated": "true",
                            "size_in_gbs": "64",
                            "size_in_mbs": "65536",
                            "source_details.#": "0",
                            "state": "AVAILABLE",
                            "time_created": "2018-12-08 22:54:10.68 +0000 UTC"
                        },
                        "meta": {
                            "e2bfb730-ecaa-11e6-8f88-34363bc7c4c0": {
                                "create": 900000000000,
                                "delete": 900000000000,
                                "update": 900000000000
                            }
                        },
                        "tainted": false
                    },
                    "deposed": [],
                    "provider": "provider.oci"
                },
                "random_string.instance_password": {
                    "type": "random_string",
                    "depends_on": [],
                    "primary": {
                        "id": "none",
                        "attributes": {
                            "id": "none",
                            "length": "6",
                            "lower": "true",
                            "min_lower": "0",
                            "min_numeric": "0",
                            "min_special": "0",
                            "min_upper": "0",
                            "number": "true",
                            "result": "W2g8u@",
                            "special": "true",
                            "upper": "true"
                        },
                        "meta": {
                            "schema_version": "1"
                        },
                        "tainted": false
                    },
                    "deposed": [],
                    "provider": "provider.random"
                }
            },
            "depends_on": []
        }
    ]
}
